// !$*UTF8*$!
{
	archiveVersion = 1;
	classes = {
	};
	objectVersion = 56;
	objects = {

/* Begin PBXBuildFile section */
		DA7904F429F53CF50037282C /* AppDelegate.m in Sources */ = {isa = PBXBuildFile; fileRef = DA7904F329F53CF50037282C /* AppDelegate.m */; };
		DA7904F729F53CF50037282C /* SceneDelegate.m in Sources */ = {isa = PBXBuildFile; fileRef = DA7904F629F53CF50037282C /* SceneDelegate.m */; };
		DA7904FA29F53CF50037282C /* ViewController.m in Sources */ = {isa = PBXBuildFile; fileRef = DA7904F929F53CF50037282C /* ViewController.m */; };
		DA7904FD29F53CF50037282C /* Main.storyboard in Resources */ = {isa = PBXBuildFile; fileRef = DA7904FB29F53CF50037282C /* Main.storyboard */; };
		DA7904FF29F53CF60037282C /* Assets.xcassets in Resources */ = {isa = PBXBuildFile; fileRef = DA7904FE29F53CF60037282C /* Assets.xcassets */; };
		DA79050229F53CF60037282C /* LaunchScreen.storyboard in Resources */ = {isa = PBXBuildFile; fileRef = DA79050029F53CF60037282C /* LaunchScreen.storyboard */; };
		DA79050529F53CF60037282C /* main.m in Sources */ = {isa = PBXBuildFile; fileRef = DA79050429F53CF60037282C /* main.m */; };
		DA79050F29F53CF60037282C /* DemoFriendListTests.m in Sources */ = {isa = PBXBuildFile; fileRef = DA79050E29F53CF60037282C /* DemoFriendListTests.m */; };
		DA79051929F53CF60037282C /* DemoFriendListUITests.m in Sources */ = {isa = PBXBuildFile; fileRef = DA79051829F53CF60037282C /* DemoFriendListUITests.m */; };
		DA79051B29F53CF60037282C /* DemoFriendListUITestsLaunchTests.m in Sources */ = {isa = PBXBuildFile; fileRef = DA79051A29F53CF60037282C /* DemoFriendListUITestsLaunchTests.m */; };
/* End PBXBuildFile section */

/* Begin PBXContainerItemProxy section */
		DA79050B29F53CF60037282C /* PBXContainerItemProxy */ = {
			isa = PBXContainerItemProxy;
			containerPortal = DA7904E729F53CF50037282C /* Project object */;
			proxyType = 1;
			remoteGlobalIDString = DA7904EE29F53CF50037282C;
			remoteInfo = DemoFriendList;
		};
		DA79051529F53CF60037282C /* PBXContainerItemProxy */ = {
			isa = PBXContainerItemProxy;
			containerPortal = DA7904E729F53CF50037282C /* Project object */;
			proxyType = 1;
			remoteGlobalIDString = DA7904EE29F53CF50037282C;
			remoteInfo = DemoFriendList;
		};
/* End PBXContainerItemProxy section */

/* Begin PBXFileReference section */
		DA7904EF29F53CF50037282C /* DemoFriendList.app */ = {isa = PBXFileReference; explicitFileType = wrapper.application; includeInIndex = 0; path = DemoFriendList.app; sourceTree = BUILT_PRODUCTS_DIR; };
		DA7904F229F53CF50037282C /* AppDelegate.h */ = {isa = PBXFileReference; lastKnownFileType = sourcecode.c.h; path = AppDelegate.h; sourceTree = "<group>"; };
		DA7904F329F53CF50037282C /* AppDelegate.m */ = {isa = PBXFileReference; lastKnownFileType = sourcecode.c.objc; path = AppDelegate.m; sourceTree = "<group>"; };
		DA7904F529F53CF50037282C /* SceneDelegate.h */ = {isa = PBXFileReference; lastKnownFileType = sourcecode.c.h; path = SceneDelegate.h; sourceTree = "<group>"; };
		DA7904F629F53CF50037282C /* SceneDelegate.m */ = {isa = PBXFileReference; lastKnownFileType = sourcecode.c.objc; path = SceneDelegate.m; sourceTree = "<group>"; };
		DA7904F829F53CF50037282C /* ViewController.h */ = {isa = PBXFileReference; lastKnownFileType = sourcecode.c.h; path = ViewController.h; sourceTree = "<group>"; };
		DA7904F929F53CF50037282C /* ViewController.m */ = {isa = PBXFileReference; lastKnownFileType = sourcecode.c.objc; path = ViewController.m; sourceTree = "<group>"; };
		DA7904FC29F53CF50037282C /* Base */ = {isa = PBXFileReference; lastKnownFileType = file.storyboard; name = Base; path = Base.lproj/Main.storyboard; sourceTree = "<group>"; };
		DA7904FE29F53CF60037282C /* Assets.xcassets */ = {isa = PBXFileReference; lastKnownFileType = folder.assetcatalog; path = Assets.xcassets; sourceTree = "<group>"; };
		DA79050129F53CF60037282C /* Base */ = {isa = PBXFileReference; lastKnownFileType = file.storyboard; name = Base; path = Base.lproj/LaunchScreen.storyboard; sourceTree = "<group>"; };
		DA79050329F53CF60037282C /* Info.plist */ = {isa = PBXFileReference; lastKnownFileType = text.plist.xml; path = Info.plist; sourceTree = "<group>"; };
		DA79050429F53CF60037282C /* main.m */ = {isa = PBXFileReference; lastKnownFileType = sourcecode.c.objc; path = main.m; sourceTree = "<group>"; };
		DA79050A29F53CF60037282C /* DemoFriendListTests.xctest */ = {isa = PBXFileReference; explicitFileType = wrapper.cfbundle; includeInIndex = 0; path = DemoFriendListTests.xctest; sourceTree = BUILT_PRODUCTS_DIR; };
		DA79050E29F53CF60037282C /* DemoFriendListTests.m */ = {isa = PBXFileReference; lastKnownFileType = sourcecode.c.objc; path = DemoFriendListTests.m; sourceTree = "<group>"; };
		DA79051429F53CF60037282C /* DemoFriendListUITests.xctest */ = {isa = PBXFileReference; explicitFileType = wrapper.cfbundle; includeInIndex = 0; path = DemoFriendListUITests.xctest; sourceTree = BUILT_PRODUCTS_DIR; };
		DA79051829F53CF60037282C /* DemoFriendListUITests.m */ = {isa = PBXFileReference; lastKnownFileType = sourcecode.c.objc; path = DemoFriendListUITests.m; sourceTree = "<group>"; };
		DA79051A29F53CF60037282C /* DemoFriendListUITestsLaunchTests.m */ = {isa = PBXFileReference; lastKnownFileType = sourcecode.c.objc; path = DemoFriendListUITestsLaunchTests.m; sourceTree = "<group>"; };
/* End PBXFileReference section */

/* Begin PBXFrameworksBuildPhase section */
		DA7904EC29F53CF50037282C /* Frameworks */ = {
			isa = PBXFrameworksBuildPhase;
			buildActionMask = 2147483647;
			files = (
			);
			runOnlyForDeploymentPostprocessing = 0;
		};
		DA79050729F53CF60037282C /* Frameworks */ = {
			isa = PBXFrameworksBuildPhase;
			buildActionMask = 2147483647;
			files = (
			);
			runOnlyForDeploymentPostprocessing = 0;
		};
		DA79051129F53CF60037282C /* Frameworks */ = {
			isa = PBXFrameworksBuildPhase;
			buildActionMask = 2147483647;
			files = (
			);
			runOnlyForDeploymentPostprocessing = 0;
		};
/* End PBXFrameworksBuildPhase section */

/* Begin PBXGroup section */
		DA7904E629F53CF50037282C = {
			isa = PBXGroup;
			children = (
				DA7904F129F53CF50037282C /* DemoFriendList */,
				DA79050D29F53CF60037282C /* DemoFriendListTests */,
				DA79051729F53CF60037282C /* DemoFriendListUITests */,
				DA7904F029F53CF50037282C /* Products */,
			);
			sourceTree = "<group>";
		};
		DA7904F029F53CF50037282C /* Products */ = {
			isa = PBXGroup;
			children = (
				DA7904EF29F53CF50037282C /* DemoFriendList.app */,
				DA79050A29F53CF60037282C /* DemoFriendListTests.xctest */,
				DA79051429F53CF60037282C /* DemoFriendListUITests.xctest */,
			);
			name = Products;
			sourceTree = "<group>";
		};
		DA7904F129F53CF50037282C /* DemoFriendList */ = {
			isa = PBXGroup;
			children = (
				DA7904F229F53CF50037282C /* AppDelegate.h */,
				DA7904F329F53CF50037282C /* AppDelegate.m */,
				DA7904F529F53CF50037282C /* SceneDelegate.h */,
				DA7904F629F53CF50037282C /* SceneDelegate.m */,
				DA7904F829F53CF50037282C /* ViewController.h */,
				DA7904F929F53CF50037282C /* ViewController.m */,
				DA7904FB29F53CF50037282C /* Main.storyboard */,
				DA7904FE29F53CF60037282C /* Assets.xcassets */,
				DA79050029F53CF60037282C /* LaunchScreen.storyboard */,
				DA79050329F53CF60037282C /* Info.plist */,
				DA79050429F53CF60037282C /* main.m */,
			);
			path = DemoFriendList;
			sourceTree = "<group>";
		};
		DA79050D29F53CF60037282C /* DemoFriendListTests */ = {
			isa = PBXGroup;
			children = (
				DA79050E29F53CF60037282C /* DemoFriendListTests.m */,
			);
			path = DemoFriendListTests;
			sourceTree = "<group>";
		};
		DA79051729F53CF60037282C /* DemoFriendListUITests */ = {
			isa = PBXGroup;
			children = (
				DA79051829F53CF60037282C /* DemoFriendListUITests.m */,
				DA79051A29F53CF60037282C /* DemoFriendListUITestsLaunchTests.m */,
			);
			path = DemoFriendListUITests;
			sourceTree = "<group>";
		};
/* End PBXGroup section */

/* Begin PBXNativeTarget section */
		DA7904EE29F53CF50037282C /* DemoFriendList */ = {
			isa = PBXNativeTarget;
			buildConfigurationList = DA79051E29F53CF60037282C /* Build configuration list for PBXNativeTarget "DemoFriendList" */;
			buildPhases = (
				DA7904EB29F53CF50037282C /* Sources */,
				DA7904EC29F53CF50037282C /* Frameworks */,
				DA7904ED29F53CF50037282C /* Resources */,
			);
			buildRules = (
			);
			dependencies = (
			);
			name = DemoFriendList;
			productName = DemoFriendList;
			productReference = DA7904EF29F53CF50037282C /* DemoFriendList.app */;
			productType = "com.apple.product-type.application";
		};
		DA79050929F53CF60037282C /* DemoFriendListTests */ = {
			isa = PBXNativeTarget;
			buildConfigurationList = DA79052129F53CF60037282C /* Build configuration list for PBXNativeTarget "DemoFriendListTests" */;
			buildPhases = (
				DA79050629F53CF60037282C /* Sources */,
				DA79050729F53CF60037282C /* Frameworks */,
				DA79050829F53CF60037282C /* Resources */,
			);
			buildRules = (
			);
			dependencies = (
				DA79050C29F53CF60037282C /* PBXTargetDependency */,
			);
			name = DemoFriendListTests;
			productName = DemoFriendListTests;
			productReference = DA79050A29F53CF60037282C /* DemoFriendListTests.xctest */;
			productType = "com.apple.product-type.bundle.unit-test";
		};
		DA79051329F53CF60037282C /* DemoFriendListUITests */ = {
			isa = PBXNativeTarget;
			buildConfigurationList = DA79052429F53CF60037282C /* Build configuration list for PBXNativeTarget "DemoFriendListUITests" */;
			buildPhases = (
				DA79051029F53CF60037282C /* Sources */,
				DA79051129F53CF60037282C /* Frameworks */,
				DA79051229F53CF60037282C /* Resources */,
			);
			buildRules = (
			);
			dependencies = (
				DA79051629F53CF60037282C /* PBXTargetDependency */,
			);
			name = DemoFriendListUITests;
			productName = DemoFriendListUITests;
			productReference = DA79051429F53CF60037282C /* DemoFriendListUITests.xctest */;
			productType = "com.apple.product-type.bundle.ui-testing";
		};
/* End PBXNativeTarget section */

/* Begin PBXProject section */
		DA7904E729F53CF50037282C /* Project object */ = {
			isa = PBXProject;
			attributes = {
				BuildIndependentTargetsInParallel = 1;
				LastUpgradeCheck = 1410;
				TargetAttributes = {
					DA7904EE29F53CF50037282C = {
						CreatedOnToolsVersion = 14.1;
					};
					DA79050929F53CF60037282C = {
						CreatedOnToolsVersion = 14.1;
						TestTargetID = DA7904EE29F53CF50037282C;
					};
					DA79051329F53CF60037282C = {
						CreatedOnToolsVersion = 14.1;
						TestTargetID = DA7904EE29F53CF50037282C;
					};
				};
			};
			buildConfigurationList = DA7904EA29F53CF50037282C /* Build configuration list for PBXProject "DemoFriendList" */;
			compatibilityVersion = "Xcode 14.0";
			developmentRegion = en;
			hasScannedForEncodings = 0;
			knownRegions = (
				en,
				Base,
			);
			mainGroup = DA7904E629F53CF50037282C;
			productRefGroup = DA7904F029F53CF50037282C /* Products */;
			projectDirPath = "";
			projectRoot = "";
			targets = (
				DA7904EE29F53CF50037282C /* DemoFriendList */,
				DA79050929F53CF60037282C /* DemoFriendListTests */,
				DA79051329F53CF60037282C /* DemoFriendListUITests */,
			);
		};
/* End PBXProject section */

/* Begin PBXResourcesBuildPhase section */
		DA7904ED29F53CF50037282C /* Resources */ = {
			isa = PBXResourcesBuildPhase;
			buildActionMask = 2147483647;
			files = (
				DA79050229F53CF60037282C /* LaunchScreen.storyboard in Resources */,
				DA7904FF29F53CF60037282C /* Assets.xcassets in Resources */,
				DA7904FD29F53CF50037282C /* Main.storyboard in Resources */,
			);
			runOnlyForDeploymentPostprocessing = 0;
		};
		DA79050829F53CF60037282C /* Resources */ = {
			isa = PBXResourcesBuildPhase;
			buildActionMask = 2147483647;
			files = (
			);
			runOnlyForDeploymentPostprocessing = 0;
		};
		DA79051229F53CF60037282C /* Resources */ = {
			isa = PBXResourcesBuildPhase;
			buildActionMask = 2147483647;
			files = (
			);
			runOnlyForDeploymentPostprocessing = 0;
		};
/* End PBXResourcesBuildPhase section */

/* Begin PBXSourcesBuildPhase section */
		DA7904EB29F53CF50037282C /* Sources */ = {
			isa = PBXSourcesBuildPhase;
			buildActionMask = 2147483647;
			files = (
				DA7904FA29F53CF50037282C /* ViewController.m in Sources */,
				DA7904F429F53CF50037282C /* AppDelegate.m in Sources */,
				DA79050529F53CF60037282C /* main.m in Sources */,
				DA7904F729F53CF50037282C /* SceneDelegate.m in Sources */,
			);
			runOnlyForDeploymentPostprocessing = 0;
		};
		DA79050629F53CF60037282C /* Sources */ = {
			isa = PBXSourcesBuildPhase;
			buildActionMask = 2147483647;
			files = (
				DA79050F29F53CF60037282C /* DemoFriendListTests.m in Sources */,
			);
			runOnlyForDeploymentPostprocessing = 0;
		};
		DA79051029F53CF60037282C /* Sources */ = {
			isa = PBXSourcesBuildPhase;
			buildActionMask = 2147483647;
			files = (
				DA79051929F53CF60037282C /* DemoFriendListUITests.m in Sources */,
				DA79051B29F53CF60037282C /* DemoFriendListUITestsLaunchTests.m in Sources */,
			);
			runOnlyForDeploymentPostprocessing = 0;
		};
/* End PBXSourcesBuildPhase section */

/* Begin PBXTargetDependency section */
		DA79050C29F53CF60037282C /* PBXTargetDependency */ = {
			isa = PBXTargetDependency;
			target = DA7904EE29F53CF50037282C /* DemoFriendList */;
			targetProxy = DA79050B29F53CF60037282C /* PBXContainerItemProxy */;
		};
		DA79051629F53CF60037282C /* PBXTargetDependency */ = {
			isa = PBXTargetDependency;
			target = DA7904EE29F53CF50037282C /* DemoFriendList */;
			targetProxy = DA79051529F53CF60037282C /* PBXContainerItemProxy */;
		};
/* End PBXTargetDependency section */

/* Begin PBXVariantGroup section */
		DA7904FB29F53CF50037282C /* Main.storyboard */ = {
			isa = PBXVariantGroup;
			children = (
				DA7904FC29F53CF50037282C /* Base */,
			);
			name = Main.storyboard;
			sourceTree = "<group>";
		};
		DA79050029F53CF60037282C /* LaunchScreen.storyboard */ = {
			isa = PBXVariantGroup;
			children = (
				DA79050129F53CF60037282C /* Base */,
			);
			name = LaunchScreen.storyboard;
			sourceTree = "<group>";
		};
/* End PBXVariantGroup section */

/* Begin XCBuildConfiguration section */
		DA79051C29F53CF60037282C /* Debug */ = {
			isa = XCBuildConfiguration;
			buildSettings = {
				ALWAYS_SEARCH_USER_PATHS = NO;
				CLANG_ANALYZER_NONNULL = YES;
				CLANG_ANALYZER_NUMBER_OBJECT_CONVERSION = YES_AGGRESSIVE;
				CLANG_CXX_LANGUAGE_STANDARD = "gnu++20";
				CLANG_ENABLE_MODULES = YES;
				CLANG_ENABLE_OBJC_ARC = YES;
				CLANG_ENABLE_OBJC_WEAK = YES;
				CLANG_WARN_BLOCK_CAPTURE_AUTORELEASING = YES;
				CLANG_WARN_BOOL_CONVERSION = YES;
				CLANG_WARN_COMMA = YES;
				CLANG_WARN_CONSTANT_CONVERSION = YES;
				CLANG_WARN_DEPRECATED_OBJC_IMPLEMENTATIONS = YES;
				CLANG_WARN_DIRECT_OBJC_ISA_USAGE = YES_ERROR;
				CLANG_WARN_DOCUMENTATION_COMMENTS = YES;
				CLANG_WARN_EMPTY_BODY = YES;
				CLANG_WARN_ENUM_CONVERSION = YES;
				CLANG_WARN_INFINITE_RECURSION = YES;
				CLANG_WARN_INT_CONVERSION = YES;
				CLANG_WARN_NON_LITERAL_NULL_CONVERSION = YES;
				CLANG_WARN_OBJC_IMPLICIT_RETAIN_SELF = YES;
				CLANG_WARN_OBJC_LITERAL_CONVERSION = YES;
				CLANG_WARN_OBJC_ROOT_CLASS = YES_ERROR;
				CLANG_WARN_QUOTED_INCLUDE_IN_FRAMEWORK_HEADER = YES;
				CLANG_WARN_RANGE_LOOP_ANALYSIS = YES;
				CLANG_WARN_STRICT_PROTOTYPES = YES;
				CLANG_WARN_SUSPICIOUS_MOVE = YES;
				CLANG_WARN_UNGUARDED_AVAILABILITY = YES_AGGRESSIVE;
				CLANG_WARN_UNREACHABLE_CODE = YES;
				CLANG_WARN__DUPLICATE_METHOD_MATCH = YES;
				COPY_PHASE_STRIP = NO;
				DEBUG_INFORMATION_FORMAT = dwarf;
				ENABLE_STRICT_OBJC_MSGSEND = YES;
				ENABLE_TESTABILITY = YES;
				GCC_C_LANGUAGE_STANDARD = gnu11;
				GCC_DYNAMIC_NO_PIC = NO;
				GCC_NO_COMMON_BLOCKS = YES;
				GCC_OPTIMIZATION_LEVEL = 0;
				GCC_PREPROCESSOR_DEFINITIONS = (
					"DEBUG=1",
					"$(inherited)",
				);
				GCC_WARN_64_TO_32_BIT_CONVERSION = YES;
				GCC_WARN_ABOUT_RETURN_TYPE = YES_ERROR;
				GCC_WARN_UNDECLARED_SELECTOR = YES;
				GCC_WARN_UNINITIALIZED_AUTOS = YES_AGGRESSIVE;
				GCC_WARN_UNUSED_FUNCTION = YES;
				GCC_WARN_UNUSED_VARIABLE = YES;
				IPHONEOS_DEPLOYMENT_TARGET = 16.1;
				MTL_ENABLE_DEBUG_INFO = INCLUDE_SOURCE;
				MTL_FAST_MATH = YES;
				ONLY_ACTIVE_ARCH = YES;
				SDKROOT = iphoneos;
			};
			name = Debug;
		};
		DA79051D29F53CF60037282C /* Release */ = {
			isa = XCBuildConfiguration;
			buildSettings = {
				ALWAYS_SEARCH_USER_PATHS = NO;
				CLANG_ANALYZER_NONNULL = YES;
				CLANG_ANALYZER_NUMBER_OBJECT_CONVERSION = YES_AGGRESSIVE;
				CLANG_CXX_LANGUAGE_STANDARD = "gnu++20";
				CLANG_ENABLE_MODULES = YES;
				CLANG_ENABLE_OBJC_ARC = YES;
				CLANG_ENABLE_OBJC_WEAK = YES;
				CLANG_WARN_BLOCK_CAPTURE_AUTORELEASING = YES;
				CLANG_WARN_BOOL_CONVERSION = YES;
				CLANG_WARN_COMMA = YES;
				CLANG_WARN_CONSTANT_CONVERSION = YES;
				CLANG_WARN_DEPRECATED_OBJC_IMPLEMENTATIONS = YES;
				CLANG_WARN_DIRECT_OBJC_ISA_USAGE = YES_ERROR;
				CLANG_WARN_DOCUMENTATION_COMMENTS = YES;
				CLANG_WARN_EMPTY_BODY = YES;
				CLANG_WARN_ENUM_CONVERSION = YES;
				CLANG_WARN_INFINITE_RECURSION = YES;
				CLANG_WARN_INT_CONVERSION = YES;
				CLANG_WARN_NON_LITERAL_NULL_CONVERSION = YES;
				CLANG_WARN_OBJC_IMPLICIT_RETAIN_SELF = YES;
				CLANG_WARN_OBJC_LITERAL_CONVERSION = YES;
				CLANG_WARN_OBJC_ROOT_CLASS = YES_ERROR;
				CLANG_WARN_QUOTED_INCLUDE_IN_FRAMEWORK_HEADER = YES;
				CLANG_WARN_RANGE_LOOP_ANALYSIS = YES;
				CLANG_WARN_STRICT_PROTOTYPES = YES;
				CLANG_WARN_SUSPICIOUS_MOVE = YES;
				CLANG_WARN_UNGUARDED_AVAILABILITY = YES_AGGRESSIVE;
				CLANG_WARN_UNREACHABLE_CODE = YES;
				CLANG_WARN__DUPLICATE_METHOD_MATCH = YES;
				COPY_PHASE_STRIP = NO;
				DEBUG_INFORMATION_FORMAT = "dwarf-with-dsym";
				ENABLE_NS_ASSERTIONS = NO;
				ENABLE_STRICT_OBJC_MSGSEND = YES;
				GCC_C_LANGUAGE_STANDARD = gnu11;
				GCC_NO_COMMON_BLOCKS = YES;
				GCC_WARN_64_TO_32_BIT_CONVERSION = YES;
				GCC_WARN_ABOUT_RETURN_TYPE = YES_ERROR;
				GCC_WARN_UNDECLARED_SELECTOR = YES;
				GCC_WARN_UNINITIALIZED_AUTOS = YES_AGGRESSIVE;
				GCC_WARN_UNUSED_FUNCTION = YES;
				GCC_WARN_UNUSED_VARIABLE = YES;
				IPHONEOS_DEPLOYMENT_TARGET = 16.1;
				MTL_ENABLE_DEBUG_INFO = NO;
				MTL_FAST_MATH = YES;
				SDKROOT = iphoneos;
				VALIDATE_PRODUCT = YES;
			};
			name = Release;
		};
		DA79051F29F53CF60037282C /* Debug */ = {
			isa = XCBuildConfiguration;
			buildSettings = {
				ASSETCATALOG_COMPILER_APPICON_NAME = AppIcon;
				ASSETCATALOG_COMPILER_GLOBAL_ACCENT_COLOR_NAME = AccentColor;
				CODE_SIGN_STYLE = Automatic;
				CURRENT_PROJECT_VERSION = 1;
				DEVELOPMENT_TEAM = CF8A9NJS94;
				GENERATE_INFOPLIST_FILE = YES;
				INFOPLIST_FILE = DemoFriendList/Info.plist;
				INFOPLIST_KEY_UIApplicationSupportsIndirectInputEvents = YES;
				INFOPLIST_KEY_UILaunchStoryboardName = LaunchScreen;
				INFOPLIST_KEY_UIMainStoryboardFile = Main;
				INFOPLIST_KEY_UISupportedInterfaceOrientations_iPad = "UIInterfaceOrientationPortrait UIInterfaceOrientationPortraitUpsideDown UIInterfaceOrientationLandscapeLeft UIInterfaceOrientationLandscapeRight";
				INFOPLIST_KEY_UISupportedInterfaceOrientations_iPhone = "UIInterfaceOrientationPortrait UIInterfaceOrientationLandscapeLeft UIInterfaceOrientationLandscapeRight";
				LD_RUNPATH_SEARCH_PATHS = (
					"$(inherited)",
					"@executable_path/Frameworks",
				);
				MARKETING_VERSION = 1.0;
				PRODUCT_BUNDLE_IDENTIFIER = com.pujie.DemoFriendList;
				PRODUCT_NAME = "$(TARGET_NAME)";
				SWIFT_EMIT_LOC_STRINGS = YES;
				TARGETED_DEVICE_FAMILY = "1,2";
			};
			name = Debug;
		};
		DA79052029F53CF60037282C /* Release */ = {
			isa = XCBuildConfiguration;
			buildSettings = {
				ASSETCATALOG_COMPILER_APPICON_NAME = AppIcon;
				ASSETCATALOG_COMPILER_GLOBAL_ACCENT_COLOR_NAME = AccentColor;
				CODE_SIGN_STYLE = Automatic;
				CURRENT_PROJECT_VERSION = 1;
				DEVELOPMENT_TEAM = CF8A9NJS94;
				GENERATE_INFOPLIST_FILE = YES;
				INFOPLIST_FILE = DemoFriendList/Info.plist;
				INFOPLIST_KEY_UIApplicationSupportsIndirectInputEvents = YES;
				INFOPLIST_KEY_UILaunchStoryboardName = LaunchScreen;
				INFOPLIST_KEY_UIMainStoryboardFile = Main;
				INFOPLIST_KEY_UISupportedInterfaceOrientations_iPad = "UIInterfaceOrientationPortrait UIInterfaceOrientationPortraitUpsideDown UIInterfaceOrientationLandscapeLeft UIInterfaceOrientationLandscapeRight";
				INFOPLIST_KEY_UISupportedInterfaceOrientations_iPhone = "UIInterfaceOrientationPortrait UIInterfaceOrientationLandscapeLeft UIInterfaceOrientationLandscapeRight";
				LD_RUNPATH_SEARCH_PATHS = (
					"$(inherited)",
					"@executable_path/Frameworks",
				);
				MARKETING_VERSION = 1.0;
				PRODUCT_BUNDLE_IDENTIFIER = com.pujie.DemoFriendList;
				PRODUCT_NAME = "$(TARGET_NAME)";
				SWIFT_EMIT_LOC_STRINGS = YES;
				TARGETED_DEVICE_FAMILY = "1,2";
			};
			name = Release;
		};
		DA79052229F53CF60037282C /* Debug */ = {
			isa = XCBuildConfiguration;
			buildSettings = {
				BUNDLE_LOADER = "$(TEST_HOST)";
				CODE_SIGN_STYLE = Automatic;
				CURRENT_PROJECT_VERSION = 1;
				DEVELOPMENT_TEAM = CF8A9NJS94;
				GENERATE_INFOPLIST_FILE = YES;
				IPHONEOS_DEPLOYMENT_TARGET = 16.1;
				MARKETING_VERSION = 1.0;
				PRODUCT_BUNDLE_IDENTIFIER = com.pujie.DemoFriendListTests;
				PRODUCT_NAME = "$(TARGET_NAME)";
				SWIFT_EMIT_LOC_STRINGS = NO;
				TARGETED_DEVICE_FAMILY = "1,2";
				TEST_HOST = "$(BUILT_PRODUCTS_DIR)/DemoFriendList.app/$(BUNDLE_EXECUTABLE_FOLDER_PATH)/DemoFriendList";
			};
			name = Debug;
		};
		DA79052329F53CF60037282C /* Release */ = {
			isa = XCBuildConfiguration;
			buildSettings = {
				BUNDLE_LOADER = "$(TEST_HOST)";
				CODE_SIGN_STYLE = Automatic;
				CURRENT_PROJECT_VERSION = 1;
				DEVELOPMENT_TEAM = CF8A9NJS94;
				GENERATE_INFOPLIST_FILE = YES;
				IPHONEOS_DEPLOYMENT_TARGET = 16.1;
				MARKETING_VERSION = 1.0;
				PRODUCT_BUNDLE_IDENTIFIER = com.pujie.DemoFriendListTests;
				PRODUCT_NAME = "$(TARGET_NAME)";
				SWIFT_EMIT_LOC_STRINGS = NO;
				TARGETED_DEVICE_FAMILY = "1,2";
				TEST_HOST = "$(BUILT_PRODUCTS_DIR)/DemoFriendList.app/$(BUNDLE_EXECUTABLE_FOLDER_PATH)/DemoFriendList";
			};
			name = Release;
		};
		DA79052529F53CF60037282C /* Debug */ = {
			isa = XCBuildConfiguration;
			buildSettings = {
				CODE_SIGN_STYLE = Automatic;
				CURRENT_PROJECT_VERSION = 1;
				DEVELOPMENT_TEAM = CF8A9NJS94;
				GENERATE_INFOPLIST_FILE = YES;
				MARKETING_VERSION = 1.0;
				PRODUCT_BUNDLE_IDENTIFIER = com.pujie.DemoFriendListUITests;
				PRODUCT_NAME = "$(TARGET_NAME)";
				SWIFT_EMIT_LOC_STRINGS = NO;
				TARGETED_DEVICE_FAMILY = "1,2";
				TEST_TARGET_NAME = DemoFriendList;
			};
			name = Debug;
		};
		DA79052629F53CF60037282C /* Release */ = {
			isa = XCBuildConfiguration;
			buildSettings = {
				CODE_SIGN_STYLE = Automatic;
				CURRENT_PROJECT_VERSION = 1;
				DEVELOPMENT_TEAM = CF8A9NJS94;
				GENERATE_INFOPLIST_FILE = YES;
				MARKETING_VERSION = 1.0;
				PRODUCT_BUNDLE_IDENTIFIER = com.pujie.DemoFriendListUITests;
				PRODUCT_NAME = "$(TARGET_NAME)";
				SWIFT_EMIT_LOC_STRINGS = NO;
				TARGETED_DEVICE_FAMILY = "1,2";
				TEST_TARGET_NAME = DemoFriendList;
			};
			name = Release;
		};
/* End XCBuildConfiguration section */

/* Begin XCConfigurationList section */
		DA7904EA29F53CF50037282C /* Build configuration list for PBXProject "DemoFriendList" */ = {
			isa = XCConfigurationList;
			buildConfigurations = (
				DA79051C29F53CF60037282C /* Debug */,
				DA79051D29F53CF60037282C /* Release */,
			);
			defaultConfigurationIsVisible = 0;
			defaultConfigurationName = Release;
		};
		DA79051E29F53CF60037282C /* Build configuration list for PBXNativeTarget "DemoFriendList" */ = {
			isa = XCConfigurationList;
			buildConfigurations = (
				DA79051F29F53CF60037282C /* Debug */,
				DA79052029F53CF60037282C /* Release */,
			);
			defaultConfigurationIsVisible = 0;
			defaultConfigurationName = Release;
		};
		DA79052129F53CF60037282C /* Build configuration list for PBXNativeTarget "DemoFriendListTests" */ = {
			isa = XCConfigurationList;
			buildConfigurations = (
				DA79052229F53CF60037282C /* Debug */,
				DA79052329F53CF60037282C /* Release */,
			);
			defaultConfigurationIsVisible = 0;
			defaultConfigurationName = Release;
		};
		DA79052429F53CF60037282C /* Build configuration list for PBXNativeTarget "DemoFriendListUITests" */ = {
			isa = XCConfigurationList;
			buildConfigurations = (
				DA79052529F53CF60037282C /* Debug */,
				DA79052629F53CF60037282C /* Release */,
			);
			defaultConfigurationIsVisible = 0;
			defaultConfigurationName = Release;
		};
/* End XCConfigurationList section */
	};
	rootObject = DA7904E729F53CF50037282C /* Project object */;
}
